schema: '2.0'
stages:
  load_data:
    cmd: python "src\load_data.py" --config=parms.yaml
    deps:
    - path: data_given\cubic_zirconia.csv
      md5: d191efcda87c60ec08cccd1b3f0af55e
      size: 1399151
    - path: src\get_data.py
      md5: 54a303ca3844e08509a3cf53933a82db
      size: 631
    - path: src\load_data.py
      md5: c673dd999d1c900538eff2d35d07cb0c
      size: 589
    outs:
    - path: data\raw\cubic_zirconia.csv
      md5: 1f7cd55830c00336901afb3138bc3698
      size: 1460673
  split_data:
    cmd: python "src\split_data.py" --config=parms.yaml
    deps:
    - path: data\processed\encoded_data.csv
      md5: c8ad58a9831ab23bd729912692a5eaf7
      size: 1317117
    - path: src\split_data.py
      md5: 79b0ebe5b45d182483f0dc8efb85a52b
      size: 2672
    outs:
    - path: data\processed\test.csv
      md5: fd1457c90d8aeec2f28bf66ed8a96bb8
      size: 395245
    - path: data\processed\train.csv
      md5: 79f41545de4b35939b33979bc9e445e5
      size: 921942
  preprocess_data:
    cmd: python "src\preprocess.py" --config=parms.yaml
    deps:
    - path: data\raw\cubic_zirconia.csv
      md5: 1f7cd55830c00336901afb3138bc3698
      size: 1460673
    - path: src\preprocess.py
      md5: 95b5a8a103f1c9497e47abba2b16cd41
      size: 1961
    outs:
    - path: data\processed\encoded_data.csv
      md5: c8ad58a9831ab23bd729912692a5eaf7
      size: 1317117
