schema: '2.0'
stages:
  load_data:
    cmd: python "src\load_data.py" --config=parms.yaml
    deps:
    - path: data_given\cubic_zirconia.csv
      md5: d191efcda87c60ec08cccd1b3f0af55e
      size: 1399151
    - path: src\get_data.py
      md5: 54a303ca3844e08509a3cf53933a82db
      size: 631
    - path: src\load_data.py
      md5: c673dd999d1c900538eff2d35d07cb0c
      size: 589
    outs:
    - path: data\raw\cubic_zirconia.csv
      md5: 1f7cd55830c00336901afb3138bc3698
      size: 1460673
  split_data:
    cmd: python "src\split_data.py" --config=parms.yaml
    deps:
    - path: data\raw\cubic_zirconia.csv
      md5: 1f7cd55830c00336901afb3138bc3698
      size: 1460673
    - path: src\split_data.py
      md5: f7b7bb8c0aedd65f01b4a7a23c82c028
      size: 1038
    outs:
    - path: data\processed\test.csv
      md5: 94f037c49167f4247b277de876151889
      size: 392719
    - path: data\processed\train.csv
      md5: 1d507e2feb56fec94b022d7928f919a1
      size: 917296
